
Microsoft Visual Studio Solution File, Format Version 12.00
# Visual Studio Version 17
VisualStudioVersion = 17.8.34525.116
MinimumVisualStudioVersion = 10.0.40219.1
Project("{FAE04EC0-301F-11D3-BF4B-00C04F79EFBC}") = "pares", "pares\pares.csproj", "{AE00B6FA-67E0-47C9-B2D2-08E349CF4105}"
EndProject
Global
	GlobalSection(SolutionConfigurationPlatforms) = preSolution
		Debug|Any CPU = Debug|Any CPU
		Release|Any CPU = Release|Any CPU
	EndGlobalSection
	GlobalSection(ProjectConfigurationPlatforms) = postSolution
		{AE00B6FA-67E0-47C9-B2D2-08E349CF4105}.Debug|Any CPU.ActiveCfg = Debug|Any CPU
		{AE00B6FA-67E0-47C9-B2D2-08E349CF4105}.Debug|Any CPU.Build.0 = Debug|Any CPU
		{AE00B6FA-67E0-47C9-B2D2-08E349CF4105}.Release|Any CPU.ActiveCfg = Release|Any CPU
		{AE00B6FA-67E0-47C9-B2D2-08E349CF4105}.Release|Any CPU.Build.0 = Release|Any CPU
	EndGlobalSection
	GlobalSection(SolutionProperties) = preSolution
		HideSolutionNode = FALSE
	EndGlobalSection
	GlobalSection(ExtensibilityGlobals) = postSolution
		SolutionGuid = {D2E77211-27D8-4E31-B1DB-55F80FDC7BCC}
	EndGlobalSection
EndGlobal
